// !$*UTF8*$!
{
	archiveVersion = 1;
	classes = {
	};
	objectVersion = 46;
	objects = {

/* Begin PBXBuildFile section */
		7378F34B19518AF700F76B91 /* Foundation.framework in Frameworks */ = {isa = PBXBuildFile; fileRef = 7378F34A19518AF700F76B91 /* Foundation.framework */; };
		7378F34D19518AF700F76B91 /* CoreGraphics.framework in Frameworks */ = {isa = PBXBuildFile; fileRef = 7378F34C19518AF700F76B91 /* CoreGraphics.framework */; };
		7378F34F19518AF700F76B91 /* UIKit.framework in Frameworks */ = {isa = PBXBuildFile; fileRef = 7378F34E19518AF700F76B91 /* UIKit.framework */; };
		7378F35519518AF800F76B91 /* InfoPlist.strings in Resources */ = {isa = PBXBuildFile; fileRef = 7378F35319518AF800F76B91 /* InfoPlist.strings */; };
		7378F35719518AF800F76B91 /* main.m in Sources */ = {isa = PBXBuildFile; fileRef = 7378F35619518AF800F76B91 /* main.m */; };
		7378F35B19518AF800F76B91 /* ETAppDelegate.m in Sources */ = {isa = PBXBuildFile; fileRef = 7378F35A19518AF800F76B91 /* ETAppDelegate.m */; };
		7378F35E19518AF800F76B91 /* Main.storyboard in Resources */ = {isa = PBXBuildFile; fileRef = 7378F35C19518AF800F76B91 /* Main.storyboard */; };
		7378F36119518AF800F76B91 /* ETViewController.m in Sources */ = {isa = PBXBuildFile; fileRef = 7378F36019518AF800F76B91 /* ETViewController.m */; };
		7378F36319518AF800F76B91 /* Images.xcassets in Resources */ = {isa = PBXBuildFile; fileRef = 7378F36219518AF800F76B91 /* Images.xcassets */; };
		7378F36A19518AF800F76B91 /* XCTest.framework in Frameworks */ = {isa = PBXBuildFile; fileRef = 7378F36919518AF800F76B91 /* XCTest.framework */; };
		7378F36B19518AF800F76B91 /* Foundation.framework in Frameworks */ = {isa = PBXBuildFile; fileRef = 7378F34A19518AF700F76B91 /* Foundation.framework */; };
		7378F36C19518AF800F76B91 /* UIKit.framework in Frameworks */ = {isa = PBXBuildFile; fileRef = 7378F34E19518AF700F76B91 /* UIKit.framework */; };
		7378F37419518AF800F76B91 /* InfoPlist.strings in Resources */ = {isa = PBXBuildFile; fileRef = 7378F37219518AF800F76B91 /* InfoPlist.strings */; };
		7378F37619518AF800F76B91 /* Estimote_TESTTests.m in Sources */ = {isa = PBXBuildFile; fileRef = 7378F37519518AF800F76B91 /* Estimote_TESTTests.m */; };
		73AF193719594CD9002D6A8D /* chrono.png in Resources */ = {isa = PBXBuildFile; fileRef = 73AF193319594CD9002D6A8D /* chrono.png */; };
		73AF193819594CD9002D6A8D /* lucca.gif in Resources */ = {isa = PBXBuildFile; fileRef = 73AF193419594CD9002D6A8D /* lucca.gif */; };
		73AF193919594CD9002D6A8D /* magus.gif in Resources */ = {isa = PBXBuildFile; fileRef = 73AF193519594CD9002D6A8D /* magus.gif */; };
		73AF193A19594CD9002D6A8D /* marle.png in Resources */ = {isa = PBXBuildFile; fileRef = 73AF193619594CD9002D6A8D /* marle.png */; };
		73AF193C19594D3E002D6A8D /* cardBack.png in Resources */ = {isa = PBXBuildFile; fileRef = 73AF193B19594D3E002D6A8D /* cardBack.png */; };
		B241C11B19668E7600862046 /* mac.jpg in Resources */ = {isa = PBXBuildFile; fileRef = B241C11819668E7500862046 /* mac.jpg */; };
		B241C11C19668E7600862046 /* note.jpeg in Resources */ = {isa = PBXBuildFile; fileRef = B241C11919668E7500862046 /* note.jpeg */; };
		B241C11D19668E7600862046 /* wallet.jpg in Resources */ = {isa = PBXBuildFile; fileRef = B241C11A19668E7500862046 /* wallet.jpg */; };
		B241C11F1966A0B100862046 /* umbrella.jpg in Resources */ = {isa = PBXBuildFile; fileRef = B241C11E1966A0B100862046 /* umbrella.jpg */; };
		B241C121196BE94300862046 /* plus.jpg in Resources */ = {isa = PBXBuildFile; fileRef = B241C120196BE94300862046 /* plus.jpg */; };
		B241C128196BFAD700862046 /* prob.png in Resources */ = {isa = PBXBuildFile; fileRef = B241C126196BFAD700862046 /* prob.png */; };
		B241C129196BFAD700862046 /* ok.png in Resources */ = {isa = PBXBuildFile; fileRef = B241C127196BFAD700862046 /* ok.png */; };
		B241C12C196BFC9D00862046 /* prob2.png in Resources */ = {isa = PBXBuildFile; fileRef = B241C12A196BFC9D00862046 /* prob2.png */; };
		B241C12D196BFC9D00862046 /* ok2.png in Resources */ = {isa = PBXBuildFile; fileRef = B241C12B196BFC9D00862046 /* ok2.png */; };
		B8F4565ED483426184747441 /* libPods-Estimote-TEST.a in Frameworks */ = {isa = PBXBuildFile; fileRef = C7B6A334879E43798CA5AF48 /* libPods-Estimote-TEST.a */; };
/* End PBXBuildFile section */

/* Begin PBXContainerItemProxy section */
		7378F36D19518AF800F76B91 /* PBXContainerItemProxy */ = {
			isa = PBXContainerItemProxy;
			containerPortal = 7378F33F19518AF700F76B91 /* Project object */;
			proxyType = 1;
			remoteGlobalIDString = 7378F34619518AF700F76B91;
			remoteInfo = "Estimote-TEST";
		};
/* End PBXContainerItemProxy section */

/* Begin PBXFileReference section */
		3676C2C0249941358BC90037 /* Pods-Estimote-TEST.xcconfig */ = {isa = PBXFileReference; includeInIndex = 1; lastKnownFileType = text.xcconfig; name = "Pods-Estimote-TEST.xcconfig"; path = "Pods/Pods-Estimote-TEST.xcconfig"; sourceTree = "<group>"; };
		7378F34719518AF700F76B91 /* Estimote-TEST.app */ = {isa = PBXFileReference; explicitFileType = wrapper.application; includeInIndex = 0; path = "Estimote-TEST.app"; sourceTree = BUILT_PRODUCTS_DIR; };
		7378F34A19518AF700F76B91 /* Foundation.framework */ = {isa = PBXFileReference; lastKnownFileType = wrapper.framework; name = Foundation.framework; path = System/Library/Frameworks/Foundation.framework; sourceTree = SDKROOT; };
		7378F34C19518AF700F76B91 /* CoreGraphics.framework */ = {isa = PBXFileReference; lastKnownFileType = wrapper.framework; name = CoreGraphics.framework; path = System/Library/Frameworks/CoreGraphics.framework; sourceTree = SDKROOT; };
		7378F34E19518AF700F76B91 /* UIKit.framework */ = {isa = PBXFileReference; lastKnownFileType = wrapper.framework; name = UIKit.framework; path = System/Library/Frameworks/UIKit.framework; sourceTree = SDKROOT; };
		7378F35219518AF800F76B91 /* Estimote-TEST-Info.plist */ = {isa = PBXFileReference; lastKnownFileType = text.plist.xml; path = "Estimote-TEST-Info.plist"; sourceTree = "<group>"; };
		7378F35419518AF800F76B91 /* en */ = {isa = PBXFileReference; lastKnownFileType = text.plist.strings; name = en; path = en.lproj/InfoPlist.strings; sourceTree = "<group>"; };
		7378F35619518AF800F76B91 /* main.m */ = {isa = PBXFileReference; lastKnownFileType = sourcecode.c.objc; path = main.m; sourceTree = "<group>"; };
		7378F35819518AF800F76B91 /* Estimote-TEST-Prefix.pch */ = {isa = PBXFileReference; lastKnownFileType = sourcecode.c.h; path = "Estimote-TEST-Prefix.pch"; sourceTree = "<group>"; };
		7378F35919518AF800F76B91 /* ETAppDelegate.h */ = {isa = PBXFileReference; lastKnownFileType = sourcecode.c.h; path = ETAppDelegate.h; sourceTree = "<group>"; };
		7378F35A19518AF800F76B91 /* ETAppDelegate.m */ = {isa = PBXFileReference; lastKnownFileType = sourcecode.c.objc; path = ETAppDelegate.m; sourceTree = "<group>"; };
		7378F35D19518AF800F76B91 /* Base */ = {isa = PBXFileReference; lastKnownFileType = file.storyboard; name = Base; path = Base.lproj/Main.storyboard; sourceTree = "<group>"; };
		7378F35F19518AF800F76B91 /* ETViewController.h */ = {isa = PBXFileReference; lastKnownFileType = sourcecode.c.h; path = ETViewController.h; sourceTree = "<group>"; };
		7378F36019518AF800F76B91 /* ETViewController.m */ = {isa = PBXFileReference; lastKnownFileType = sourcecode.c.objc; path = ETViewController.m; sourceTree = "<group>"; };
		7378F36219518AF800F76B91 /* Images.xcassets */ = {isa = PBXFileReference; lastKnownFileType = folder.assetcatalog; path = Images.xcassets; sourceTree = "<group>"; };
		7378F36819518AF800F76B91 /* Estimote-TESTTests.xctest */ = {isa = PBXFileReference; explicitFileType = wrapper.cfbundle; includeInIndex = 0; path = "Estimote-TESTTests.xctest"; sourceTree = BUILT_PRODUCTS_DIR; };
		7378F36919518AF800F76B91 /* XCTest.framework */ = {isa = PBXFileReference; lastKnownFileType = wrapper.framework; name = XCTest.framework; path = Library/Frameworks/XCTest.framework; sourceTree = DEVELOPER_DIR; };
		7378F37119518AF800F76B91 /* Estimote-TESTTests-Info.plist */ = {isa = PBXFileReference; lastKnownFileType = text.plist.xml; path = "Estimote-TESTTests-Info.plist"; sourceTree = "<group>"; };
		7378F37319518AF800F76B91 /* en */ = {isa = PBXFileReference; lastKnownFileType = text.plist.strings; name = en; path = en.lproj/InfoPlist.strings; sourceTree = "<group>"; };
		7378F37519518AF800F76B91 /* Estimote_TESTTests.m */ = {isa = PBXFileReference; lastKnownFileType = sourcecode.c.objc; path = Estimote_TESTTests.m; sourceTree = "<group>"; };
		73AF193319594CD9002D6A8D /* chrono.png */ = {isa = PBXFileReference; lastKnownFileType = image.png; path = chrono.png; sourceTree = "<group>"; };
		73AF193419594CD9002D6A8D /* lucca.gif */ = {isa = PBXFileReference; lastKnownFileType = image.gif; path = lucca.gif; sourceTree = "<group>"; };
		73AF193519594CD9002D6A8D /* magus.gif */ = {isa = PBXFileReference; lastKnownFileType = image.gif; path = magus.gif; sourceTree = "<group>"; };
		73AF193619594CD9002D6A8D /* marle.png */ = {isa = PBXFileReference; lastKnownFileType = image.png; path = marle.png; sourceTree = "<group>"; };
		73AF193B19594D3E002D6A8D /* cardBack.png */ = {isa = PBXFileReference; lastKnownFileType = image.png; path = cardBack.png; sourceTree = "<group>"; };
		B241C11819668E7500862046 /* mac.jpg */ = {isa = PBXFileReference; lastKnownFileType = image.jpeg; path = mac.jpg; sourceTree = "<group>"; };
		B241C11919668E7500862046 /* note.jpeg */ = {isa = PBXFileReference; lastKnownFileType = image.jpeg; path = note.jpeg; sourceTree = "<group>"; };
		B241C11A19668E7500862046 /* wallet.jpg */ = {isa = PBXFileReference; lastKnownFileType = image.jpeg; path = wallet.jpg; sourceTree = "<group>"; };
		B241C11E1966A0B100862046 /* umbrella.jpg */ = {isa = PBXFileReference; lastKnownFileType = image.jpeg; path = umbrella.jpg; sourceTree = "<group>"; };
		B241C120196BE94300862046 /* plus.jpg */ = {isa = PBXFileReference; lastKnownFileType = image.jpeg; path = plus.jpg; sourceTree = "<group>"; };
		B241C126196BFAD700862046 /* prob.png */ = {isa = PBXFileReference; lastKnownFileType = image.png; path = prob.png; sourceTree = "<group>"; };
		B241C127196BFAD700862046 /* ok.png */ = {isa = PBXFileReference; lastKnownFileType = image.png; path = ok.png; sourceTree = "<group>"; };
		B241C12A196BFC9D00862046 /* prob2.png */ = {isa = PBXFileReference; lastKnownFileType = image.png; path = prob2.png; sourceTree = "<group>"; };
		B241C12B196BFC9D00862046 /* ok2.png */ = {isa = PBXFileReference; lastKnownFileType = image.png; path = ok2.png; sourceTree = "<group>"; };
		C7B6A334879E43798CA5AF48 /* libPods-Estimote-TEST.a */ = {isa = PBXFileReference; explicitFileType = archive.ar; includeInIndex = 0; path = "libPods-Estimote-TEST.a"; sourceTree = BUILT_PRODUCTS_DIR; };
/* End PBXFileReference section */

/* Begin PBXFrameworksBuildPhase section */
		7378F34419518AF700F76B91 /* Frameworks */ = {
			isa = PBXFrameworksBuildPhase;
			buildActionMask = 2147483647;
			files = (
				7378F34D19518AF700F76B91 /* CoreGraphics.framework in Frameworks */,
				7378F34F19518AF700F76B91 /* UIKit.framework in Frameworks */,
				7378F34B19518AF700F76B91 /* Foundation.framework in Frameworks */,
				B8F4565ED483426184747441 /* libPods-Estimote-TEST.a in Frameworks */,
			);
			runOnlyForDeploymentPostprocessing = 0;
		};
		7378F36519518AF800F76B91 /* Frameworks */ = {
			isa = PBXFrameworksBuildPhase;
			buildActionMask = 2147483647;
			files = (
				7378F36A19518AF800F76B91 /* XCTest.framework in Frameworks */,
				7378F36C19518AF800F76B91 /* UIKit.framework in Frameworks */,
				7378F36B19518AF800F76B91 /* Foundation.framework in Frameworks */,
			);
			runOnlyForDeploymentPostprocessing = 0;
		};
/* End PBXFrameworksBuildPhase section */

/* Begin PBXGroup section */
		7378F33E19518AF700F76B91 = {
			isa = PBXGroup;
			children = (
				7378F35019518AF700F76B91 /* Estimote-TEST */,
				7378F36F19518AF800F76B91 /* Estimote-TESTTests */,
				7378F34919518AF700F76B91 /* Frameworks */,
				7378F34819518AF700F76B91 /* Products */,
				3676C2C0249941358BC90037 /* Pods-Estimote-TEST.xcconfig */,
			);
			sourceTree = "<group>";
		};
		7378F34819518AF700F76B91 /* Products */ = {
			isa = PBXGroup;
			children = (
				7378F34719518AF700F76B91 /* Estimote-TEST.app */,
				7378F36819518AF800F76B91 /* Estimote-TESTTests.xctest */,
			);
			name = Products;
			sourceTree = "<group>";
		};
		7378F34919518AF700F76B91 /* Frameworks */ = {
			isa = PBXGroup;
			children = (
				7378F34A19518AF700F76B91 /* Foundation.framework */,
				7378F34C19518AF700F76B91 /* CoreGraphics.framework */,
				7378F34E19518AF700F76B91 /* UIKit.framework */,
				7378F36919518AF800F76B91 /* XCTest.framework */,
				C7B6A334879E43798CA5AF48 /* libPods-Estimote-TEST.a */,
			);
			name = Frameworks;
			sourceTree = "<group>";
		};
		7378F35019518AF700F76B91 /* Estimote-TEST */ = {
			isa = PBXGroup;
			children = (
				7378F35919518AF800F76B91 /* ETAppDelegate.h */,
				7378F35A19518AF800F76B91 /* ETAppDelegate.m */,
				7378F35C19518AF800F76B91 /* Main.storyboard */,
				7378F35F19518AF800F76B91 /* ETViewController.h */,
				7378F36019518AF800F76B91 /* ETViewController.m */,
				7378F36219518AF800F76B91 /* Images.xcassets */,
				7378F35119518AF800F76B91 /* Supporting Files */,
			);
			path = "Estimote-TEST";
			sourceTree = "<group>";
		};
		7378F35119518AF800F76B91 /* Supporting Files */ = {
			isa = PBXGroup;
			children = (
				B241C12A196BFC9D00862046 /* prob2.png */,
				B241C12B196BFC9D00862046 /* ok2.png */,
				B241C126196BFAD700862046 /* prob.png */,
				B241C127196BFAD700862046 /* ok.png */,
				B241C120196BE94300862046 /* plus.jpg */,
				B241C11E1966A0B100862046 /* umbrella.jpg */,
				B241C11819668E7500862046 /* mac.jpg */,
				B241C11919668E7500862046 /* note.jpeg */,
				B241C11A19668E7500862046 /* wallet.jpg */,
				73AF193B19594D3E002D6A8D /* cardBack.png */,
				73AF193319594CD9002D6A8D /* chrono.png */,
				73AF193419594CD9002D6A8D /* lucca.gif */,
				73AF193519594CD9002D6A8D /* magus.gif */,
				73AF193619594CD9002D6A8D /* marle.png */,
				7378F35219518AF800F76B91 /* Estimote-TEST-Info.plist */,
				7378F35319518AF800F76B91 /* InfoPlist.strings */,
				7378F35619518AF800F76B91 /* main.m */,
				7378F35819518AF800F76B91 /* Estimote-TEST-Prefix.pch */,
			);
			name = "Supporting Files";
			sourceTree = "<group>";
		};
		7378F36F19518AF800F76B91 /* Estimote-TESTTests */ = {
			isa = PBXGroup;
			children = (
				7378F37519518AF800F76B91 /* Estimote_TESTTests.m */,
				7378F37019518AF800F76B91 /* Supporting Files */,
			);
			path = "Estimote-TESTTests";
			sourceTree = "<group>";
		};
		7378F37019518AF800F76B91 /* Supporting Files */ = {
			isa = PBXGroup;
			children = (
				7378F37119518AF800F76B91 /* Estimote-TESTTests-Info.plist */,
				7378F37219518AF800F76B91 /* InfoPlist.strings */,
			);
			name = "Supporting Files";
			sourceTree = "<group>";
		};
/* End PBXGroup section */

/* Begin PBXNativeTarget section */
		7378F34619518AF700F76B91 /* Estimote-TEST */ = {
			isa = PBXNativeTarget;
			buildConfigurationList = 7378F37919518AF800F76B91 /* Build configuration list for PBXNativeTarget "Estimote-TEST" */;
			buildPhases = (
				52DE8CDA66F6402F86F2B0F0 /* Check Pods Manifest.lock */,
				7378F34319518AF700F76B91 /* Sources */,
				7378F34419518AF700F76B91 /* Frameworks */,
				7378F34519518AF700F76B91 /* Resources */,
				ED10D2C67B0D4FCA88A9E0D9 /* Copy Pods Resources */,
			);
			buildRules = (
			);
			dependencies = (
			);
			name = "Estimote-TEST";
			productName = "Estimote-TEST";
			productReference = 7378F34719518AF700F76B91 /* Estimote-TEST.app */;
			productType = "com.apple.product-type.application";
		};
		7378F36719518AF800F76B91 /* Estimote-TESTTests */ = {
			isa = PBXNativeTarget;
			buildConfigurationList = 7378F37C19518AF800F76B91 /* Build configuration list for PBXNativeTarget "Estimote-TESTTests" */;
			buildPhases = (
				7378F36419518AF800F76B91 /* Sources */,
				7378F36519518AF800F76B91 /* Frameworks */,
				7378F36619518AF800F76B91 /* Resources */,
			);
			buildRules = (
			);
			dependencies = (
				7378F36E19518AF800F76B91 /* PBXTargetDependency */,
			);
			name = "Estimote-TESTTests";
			productName = "Estimote-TESTTests";
			productReference = 7378F36819518AF800F76B91 /* Estimote-TESTTests.xctest */;
			productType = "com.apple.product-type.bundle.unit-test";
		};
/* End PBXNativeTarget section */

/* Begin PBXProject section */
		7378F33F19518AF700F76B91 /* Project object */ = {
			isa = PBXProject;
			attributes = {
				CLASSPREFIX = ET;
				LastUpgradeCheck = 0510;
				ORGANIZATIONNAME = "Digital Garage";
				TargetAttributes = {
					7378F34619518AF700F76B91 = {
						DevelopmentTeam = M6TJK4GHCY;
					};
					7378F36719518AF800F76B91 = {
						TestTargetID = 7378F34619518AF700F76B91;
					};
				};
			};
			buildConfigurationList = 7378F34219518AF700F76B91 /* Build configuration list for PBXProject "Estimote-TEST" */;
			compatibilityVersion = "Xcode 3.2";
			developmentRegion = English;
			hasScannedForEncodings = 0;
			knownRegions = (
				en,
				Base,
			);
			mainGroup = 7378F33E19518AF700F76B91;
			productRefGroup = 7378F34819518AF700F76B91 /* Products */;
			projectDirPath = "";
			projectRoot = "";
			targets = (
				7378F34619518AF700F76B91 /* Estimote-TEST */,
				7378F36719518AF800F76B91 /* Estimote-TESTTests */,
			);
		};
/* End PBXProject section */

/* Begin PBXResourcesBuildPhase section */
		7378F34519518AF700F76B91 /* Resources */ = {
			isa = PBXResourcesBuildPhase;
			buildActionMask = 2147483647;
			files = (
				B241C11B19668E7600862046 /* mac.jpg in Resources */,
				B241C12C196BFC9D00862046 /* prob2.png in Resources */,
				73AF193919594CD9002D6A8D /* magus.gif in Resources */,
				7378F36319518AF800F76B91 /* Images.xcassets in Resources */,
				73AF193C19594D3E002D6A8D /* cardBack.png in Resources */,
				B241C128196BFAD700862046 /* prob.png in Resources */,
				B241C129196BFAD700862046 /* ok.png in Resources */,
				B241C121196BE94300862046 /* plus.jpg in Resources */,
				73AF193819594CD9002D6A8D /* lucca.gif in Resources */,
				7378F35519518AF800F76B91 /* InfoPlist.strings in Resources */,
				73AF193719594CD9002D6A8D /* chrono.png in Resources */,
				B241C12D196BFC9D00862046 /* ok2.png in Resources */,
				B241C11D19668E7600862046 /* wallet.jpg in Resources */,
				7378F35E19518AF800F76B91 /* Main.storyboard in Resources */,
				73AF193A19594CD9002D6A8D /* marle.png in Resources */,
				B241C11C19668E7600862046 /* note.jpeg in Resources */,
				B241C11F1966A0B100862046 /* umbrella.jpg in Resources */,
			);
			runOnlyForDeploymentPostprocessing = 0;
		};
		7378F36619518AF800F76B91 /* Resources */ = {
			isa = PBXResourcesBuildPhase;
			buildActionMask = 2147483647;
			files = (
				7378F37419518AF800F76B91 /* InfoPlist.strings in Resources */,
			);
			runOnlyForDeploymentPostprocessing = 0;
		};
/* End PBXResourcesBuildPhase section */

/* Begin PBXShellScriptBuildPhase section */
		52DE8CDA66F6402F86F2B0F0 /* Check Pods Manifest.lock */ = {
			isa = PBXShellScriptBuildPhase;
			buildActionMask = 2147483647;
			files = (
			);
			inputPaths = (
			);
			name = "Check Pods Manifest.lock";
			outputPaths = (
			);
			runOnlyForDeploymentPostprocessing = 0;
			shellPath = /bin/sh;
			shellScript = "diff \"${PODS_ROOT}/../Podfile.lock\" \"${PODS_ROOT}/Manifest.lock\" > /dev/null\nif [[ $? != 0 ]] ; then\n    cat << EOM\nerror: The sandbox is not in sync with the Podfile.lock. Run 'pod install' or update your CocoaPods installation.\nEOM\n    exit 1\nfi\n";
			showEnvVarsInLog = 0;
		};
		ED10D2C67B0D4FCA88A9E0D9 /* Copy Pods Resources */ = {
			isa = PBXShellScriptBuildPhase;
			buildActionMask = 2147483647;
			files = (
			);
			inputPaths = (
			);
			name = "Copy Pods Resources";
			outputPaths = (
			);
			runOnlyForDeploymentPostprocessing = 0;
			shellPath = /bin/sh;
			shellScript = "\"${SRCROOT}/Pods/Pods-Estimote-TEST-resources.sh\"\n";
			showEnvVarsInLog = 0;
		};
/* End PBXShellScriptBuildPhase section */

/* Begin PBXSourcesBuildPhase section */
		7378F34319518AF700F76B91 /* Sources */ = {
			isa = PBXSourcesBuildPhase;
			buildActionMask = 2147483647;
			files = (
				7378F36119518AF800F76B91 /* ETViewController.m in Sources */,
				7378F35719518AF800F76B91 /* main.m in Sources */,
				7378F35B19518AF800F76B91 /* ETAppDelegate.m in Sources */,
			);
			runOnlyForDeploymentPostprocessing = 0;
		};
		7378F36419518AF800F76B91 /* Sources */ = {
			isa = PBXSourcesBuildPhase;
			buildActionMask = 2147483647;
			files = (
				7378F37619518AF800F76B91 /* Estimote_TESTTests.m in Sources */,
			);
			runOnlyForDeploymentPostprocessing = 0;
		};
/* End PBXSourcesBuildPhase section */

/* Begin PBXTargetDependency section */
		7378F36E19518AF800F76B91 /* PBXTargetDependency */ = {
			isa = PBXTargetDependency;
			target = 7378F34619518AF700F76B91 /* Estimote-TEST */;
			targetProxy = 7378F36D19518AF800F76B91 /* PBXContainerItemProxy */;
		};
/* End PBXTargetDependency section */

/* Begin PBXVariantGroup section */
		7378F35319518AF800F76B91 /* InfoPlist.strings */ = {
			isa = PBXVariantGroup;
			children = (
				7378F35419518AF800F76B91 /* en */,
			);
			name = InfoPlist.strings;
			sourceTree = "<group>";
		};
		7378F35C19518AF800F76B91 /* Main.storyboard */ = {
			isa = PBXVariantGroup;
			children = (
				7378F35D19518AF800F76B91 /* Base */,
			);
			name = Main.storyboard;
			sourceTree = "<group>";
		};
		7378F37219518AF800F76B91 /* InfoPlist.strings */ = {
			isa = PBXVariantGroup;
			children = (
				7378F37319518AF800F76B91 /* en */,
			);
			name = InfoPlist.strings;
			sourceTree = "<group>";
		};
/* End PBXVariantGroup section */

/* Begin XCBuildConfiguration section */
		7378F37719518AF800F76B91 /* Debug */ = {
			isa = XCBuildConfiguration;
			buildSettings = {
				ALWAYS_SEARCH_USER_PATHS = NO;
				CLANG_CXX_LANGUAGE_STANDARD = "gnu++0x";
				CLANG_CXX_LIBRARY = "libc++";
				CLANG_ENABLE_MODULES = YES;
				CLANG_ENABLE_OBJC_ARC = YES;
				CLANG_WARN_BOOL_CONVERSION = YES;
				CLANG_WARN_CONSTANT_CONVERSION = YES;
				CLANG_WARN_DIRECT_OBJC_ISA_USAGE = YES_ERROR;
				CLANG_WARN_EMPTY_BODY = YES;
				CLANG_WARN_ENUM_CONVERSION = YES;
				CLANG_WARN_INT_CONVERSION = YES;
				CLANG_WARN_OBJC_ROOT_CLASS = YES_ERROR;
				CLANG_WARN__DUPLICATE_METHOD_MATCH = YES;
				"CODE_SIGN_IDENTITY[sdk=iphoneos*]" = "iPhone Developer";
				COPY_PHASE_STRIP = NO;
				GCC_C_LANGUAGE_STANDARD = gnu99;
				GCC_DYNAMIC_NO_PIC = NO;
				GCC_OPTIMIZATION_LEVEL = 0;
				GCC_PREPROCESSOR_DEFINITIONS = (
					"DEBUG=1",
					"$(inherited)",
				);
				GCC_SYMBOLS_PRIVATE_EXTERN = NO;
				GCC_WARN_64_TO_32_BIT_CONVERSION = YES;
				GCC_WARN_ABOUT_RETURN_TYPE = YES_ERROR;
				GCC_WARN_UNDECLARED_SELECTOR = YES;
				GCC_WARN_UNINITIALIZED_AUTOS = YES_AGGRESSIVE;
				GCC_WARN_UNUSED_FUNCTION = YES;
				GCC_WARN_UNUSED_VARIABLE = YES;
				IPHONEOS_DEPLOYMENT_TARGET = 7.1;
				ONLY_ACTIVE_ARCH = YES;
				SDKROOT = iphoneos;
			};
			name = Debug;
		};
		7378F37819518AF800F76B91 /* Release */ = {
			isa = XCBuildConfiguration;
			buildSettings = {
				ALWAYS_SEARCH_USER_PATHS = NO;
				CLANG_CXX_LANGUAGE_STANDARD = "gnu++0x";
				CLANG_CXX_LIBRARY = "libc++";
				CLANG_ENABLE_MODULES = YES;
				CLANG_ENABLE_OBJC_ARC = YES;
				CLANG_WARN_BOOL_CONVERSION = YES;
				CLANG_WARN_CONSTANT_CONVERSION = YES;
				CLANG_WARN_DIRECT_OBJC_ISA_USAGE = YES_ERROR;
				CLANG_WARN_EMPTY_BODY = YES;
				CLANG_WARN_ENUM_CONVERSION = YES;
				CLANG_WARN_INT_CONVERSION = YES;
				CLANG_WARN_OBJC_ROOT_CLASS = YES_ERROR;
				CLANG_WARN__DUPLICATE_METHOD_MATCH = YES;
				"CODE_SIGN_IDENTITY[sdk=iphoneos*]" = "iPhone Developer";
				COPY_PHASE_STRIP = YES;
				ENABLE_NS_ASSERTIONS = NO;
				GCC_C_LANGUAGE_STANDARD = gnu99;
				GCC_WARN_64_TO_32_BIT_CONVERSION = YES;
				GCC_WARN_ABOUT_RETURN_TYPE = YES_ERROR;
				GCC_WARN_UNDECLARED_SELECTOR = YES;
				GCC_WARN_UNINITIALIZED_AUTOS = YES_AGGRESSIVE;
				GCC_WARN_UNUSED_FUNCTION = YES;
				GCC_WARN_UNUSED_VARIABLE = YES;
				IPHONEOS_DEPLOYMENT_TARGET = 7.1;
				SDKROOT = iphoneos;
				VALIDATE_PRODUCT = YES;
			};
			name = Release;
		};
		7378F37A19518AF800F76B91 /* Debug */ = {
			isa = XCBuildConfiguration;
			baseConfigurationReference = 3676C2C0249941358BC90037 /* Pods-Estimote-TEST.xcconfig */;
			buildSettings = {
				ASSETCATALOG_COMPILER_APPICON_NAME = AppIcon;
				ASSETCATALOG_COMPILER_LAUNCHIMAGE_NAME = LaunchImage;
				CODE_SIGN_IDENTITY = "iPhone Developer";
				"CODE_SIGN_IDENTITY[sdk=iphoneos*]" = "iPhone Developer";
				GCC_PRECOMPILE_PREFIX_HEADER = YES;
				GCC_PREFIX_HEADER = "Estimote-TEST/Estimote-TEST-Prefix.pch";
				INFOPLIST_FILE = "Estimote-TEST/Estimote-TEST-Info.plist";
				PRODUCT_NAME = "$(TARGET_NAME)";
				PROVISIONING_PROFILE = "";
				WRAPPER_EXTENSION = app;
			};
			name = Debug;
		};
		7378F37B19518AF800F76B91 /* Release */ = {
			isa = XCBuildConfiguration;
			baseConfigurationReference = 3676C2C0249941358BC90037 /* Pods-Estimote-TEST.xcconfig */;
			buildSettings = {
				ASSETCATALOG_COMPILER_APPICON_NAME = AppIcon;
				ASSETCATALOG_COMPILER_LAUNCHIMAGE_NAME = LaunchImage;
				CODE_SIGN_IDENTITY = "iPhone Developer";
				"CODE_SIGN_IDENTITY[sdk=iphoneos*]" = "iPhone Developer";
				GCC_PRECOMPILE_PREFIX_HEADER = YES;
				GCC_PREFIX_HEADER = "Estimote-TEST/Estimote-TEST-Prefix.pch";
				INFOPLIST_FILE = "Estimote-TEST/Estimote-TEST-Info.plist";
				PRODUCT_NAME = "$(TARGET_NAME)";
				PROVISIONING_PROFILE = "";
				WRAPPER_EXTENSION = app;
			};
			name = Release;
		};
		7378F37D19518AF800F76B91 /* Debug */ = {
			isa = XCBuildConfiguration;
			buildSettings = {
				BUNDLE_LOADER = "$(BUILT_PRODUCTS_DIR)/Estimote-TEST.app/Estimote-TEST";
				FRAMEWORK_SEARCH_PATHS = (
					"$(SDKROOT)/Developer/Library/Frameworks",
					"$(inherited)",
					"$(DEVELOPER_FRAMEWORKS_DIR)",
				);
				GCC_PRECOMPILE_PREFIX_HEADER = YES;
				GCC_PREFIX_HEADER = "Estimote-TEST/Estimote-TEST-Prefix.pch";
				GCC_PREPROCESSOR_DEFINITIONS = (
					"DEBUG=1",
					"$(inherited)",
				);
				INFOPLIST_FILE = "Estimote-TESTTests/Estimote-TESTTests-Info.plist";
				PRODUCT_NAME = "$(TARGET_NAME)";
				TEST_HOST = "$(BUNDLE_LOADER)";
				WRAPPER_EXTENSION = xctest;
			};
			name = Debug;
		};
		7378F37E19518AF800F76B91 /* Release */ = {
			isa = XCBuildConfiguration;
			buildSettings = {
				BUNDLE_LOADER = "$(BUILT_PRODUCTS_DIR)/Estimote-TEST.app/Estimote-TEST";
				FRAMEWORK_SEARCH_PATHS = (
					"$(SDKROOT)/Developer/Library/Frameworks",
					"$(inherited)",
					"$(DEVELOPER_FRAMEWORKS_DIR)",
				);
				GCC_PRECOMPILE_PREFIX_HEADER = YES;
				GCC_PREFIX_HEADER = "Estimote-TEST/Estimote-TEST-Prefix.pch";
				INFOPLIST_FILE = "Estimote-TESTTests/Estimote-TESTTests-Info.plist";
				PRODUCT_NAME = "$(TARGET_NAME)";
				TEST_HOST = "$(BUNDLE_LOADER)";
				WRAPPER_EXTENSION = xctest;
			};
			name = Release;
		};
/* End XCBuildConfiguration section */

/* Begin XCConfigurationList section */
		7378F34219518AF700F76B91 /* Build configuration list for PBXProject "Estimote-TEST" */ = {
			isa = XCConfigurationList;
			buildConfigurations = (
				7378F37719518AF800F76B91 /* Debug */,
				7378F37819518AF800F76B91 /* Release */,
			);
			defaultConfigurationIsVisible = 0;
			defaultConfigurationName = Release;
		};
		7378F37919518AF800F76B91 /* Build configuration list for PBXNativeTarget "Estimote-TEST" */ = {
			isa = XCConfigurationList;
			buildConfigurations = (
				7378F37A19518AF800F76B91 /* Debug */,
				7378F37B19518AF800F76B91 /* Release */,
			);
			defaultConfigurationIsVisible = 0;
			defaultConfigurationName = Release;
		};
		7378F37C19518AF800F76B91 /* Build configuration list for PBXNativeTarget "Estimote-TESTTests" */ = {
			isa = XCConfigurationList;
			buildConfigurations = (
				7378F37D19518AF800F76B91 /* Debug */,
				7378F37E19518AF800F76B91 /* Release */,
			);
			defaultConfigurationIsVisible = 0;
			defaultConfigurationName = Release;
		};
/* End XCConfigurationList section */
	};
	rootObject = 7378F33F19518AF700F76B91 /* Project object */;
}
